
Microsoft Visual Studio Solution File, Format Version 12.00
# Visual Studio Version 16
VisualStudioVersion = 16.0.30309.148
MinimumVisualStudioVersion = 10.0.40219.1
Project("{FAE04EC0-301F-11D3-BF4B-00C04F79EFBC}") = "Modul01_HelloWorld", "Modul01_HelloWorld\Modul01_HelloWorld.csproj", "{6305834F-E88A-4DE0-9CD3-5062A9DF9DDB}"
EndProject
Project("{FAE04EC0-301F-11D3-BF4B-00C04F79EFBC}") = "Lab01_MiniTaschenrechner", "Lab01_MiniTaschenrechner\Lab01_MiniTaschenrechner.csproj", "{A40F1613-1D66-4788-A3F6-A6B0ED72A1F5}"
EndProject
Project("{FAE04EC0-301F-11D3-BF4B-00C04F79EFBC}") = "Modul02_Kontrollstrukturen", "Modul02_Kontrollstrukturen\Modul02_Kontrollstrukturen.csproj", "{BDF63820-2B99-4407-A0CA-AA74420771C9}"
EndProject
Project("{FAE04EC0-301F-11D3-BF4B-00C04F79EFBC}") = "Lab02_Zufallszahl", "Lab02_Zufallszahl\Lab02_Zufallszahl.csproj", "{113CCC94-F194-4E83-A7E6-4080A5279EA1}"
EndProject
Project("{2150E333-8FDC-42A3-9474-1A3956D46DE8}") = "Solution Items", "Solution Items", "{DCBE3276-C26D-45C6-80A5-A990C0CB9299}"
	ProjectSection(SolutionItems) = preProject
		WebReferencen.txt = WebReferencen.txt
	EndProjectSection
EndProject
Project("{FAE04EC0-301F-11D3-BF4B-00C04F79EFBC}") = "Modul03_Enumeratoren", "Modul03_Enumeratoren\Modul03_Enumeratoren.csproj", "{D1D69E7A-C6AC-4556-BB12-368E8C332479}"
EndProject
Project("{FAE04EC0-301F-11D3-BF4B-00C04F79EFBC}") = "Modul03b_Funktionen", "Modul03b_Funktionen\Modul03b_Funktionen.csproj", "{BA714773-2559-4400-988E-DCB31656EB68}"
EndProject
Project("{FAE04EC0-301F-11D3-BF4B-00C04F79EFBC}") = "Modul04_Lib", "Modul04_Lib\Modul04_Lib.csproj", "{71D749AB-1176-4866-871A-A17CE135D566}"
EndProject
Project("{FAE04EC0-301F-11D3-BF4B-00C04F79EFBC}") = "Modul04_Class", "Modul04_Class\Modul04_Class.csproj", "{0220B71C-88FB-44EC-ACC4-42C3C87750EB}"
EndProject
Project("{FAE04EC0-301F-11D3-BF4B-00C04F79EFBC}") = "Modul04_Abstract", "Modul04_Abstract\Modul04_Abstract.csproj", "{EFED8D8B-99A0-4023-AF83-3B20464F0ADD}"
EndProject
Project("{FAE04EC0-301F-11D3-BF4B-00C04F79EFBC}") = "Modul04_VirtualProperty", "Modul04_VirtualProperty\Modul04_VirtualProperty.csproj", "{0FC8B809-380D-49CB-B1D8-ED1D1B66C81E}"
EndProject
Project("{FAE04EC0-301F-11D3-BF4B-00C04F79EFBC}") = "Modul05_UseGenericTypes", "Modul05_UseGenericTypes\Modul05_UseGenericTypes.csproj", "{12B8FE73-0AB6-452A-927E-57C5A4F45AC2}"
EndProject
Project("{FAE04EC0-301F-11D3-BF4B-00C04F79EFBC}") = "DVDScreensaver", "DVDScreensaver\DVDScreensaver.csproj", "{7502B48A-57E4-4D55-9D5A-E6BBCC5EBF53}"
EndProject
Project("{FAE04EC0-301F-11D3-BF4B-00C04F79EFBC}") = "Modul05_UseGenericListWithLambda", "Modul05_UseGenericListWithLambda\Modul05_UseGenericListWithLambda.csproj", "{BA0327E1-0171-4BEC-9497-4C77F3486625}"
EndProject
Project("{FAE04EC0-301F-11D3-BF4B-00C04F79EFBC}") = "Modul05_WdhVererbungAbstractVirtualPoly", "Modul05_WdhVererbungAbstractVirtualPoly\Modul05_WdhVererbungAbstractVirtualPoly.csproj", "{F820244F-31B0-46F0-9CB3-7C0DE7A75989}"
EndProject
Project("{FAE04EC0-301F-11D3-BF4B-00C04F79EFBC}") = "DependencyInjections", "DependencyInjections\DependencyInjections.csproj", "{833A085D-0B5B-470E-B09C-BAC196CD2497}"
EndProject
Project("{FAE04EC0-301F-11D3-BF4B-00C04F79EFBC}") = "Konventierer", "Konventierer\Konventierer.csproj", "{CD8778AA-77B8-4FEC-A783-ADA9C7B1DFDB}"
EndProject
Project("{FAE04EC0-301F-11D3-BF4B-00C04F79EFBC}") = "HalloSchleifen", "HalloSchleifen\HalloSchleifen\HalloSchleifen.csproj", "{448AECAA-749F-479B-9C06-86E7E0CCFC3C}"
EndProject
Project("{FAE04EC0-301F-11D3-BF4B-00C04F79EFBC}") = "ADONET_DataAcceess", "ADONET_DataAcceess\ADONET_DataAcceess.csproj", "{15E21696-CEF8-4916-9872-4AC6234D355E}"
EndProject
Project("{FAE04EC0-301F-11D3-BF4B-00C04F79EFBC}") = "EF_DBFirst", "EF_DBFirst\EF_DBFirst.csproj", "{2AEF7C18-C420-4A3A-B86B-4E690A8D15DA}"
EndProject
Project("{FAE04EC0-301F-11D3-BF4B-00C04F79EFBC}") = "EFCodeFirst", "EFCodeFirst\EFCodeFirst.csproj", "{E6202033-E45E-47C3-9352-C1927C78C4C2}"
EndProject
Project("{FAE04EC0-301F-11D3-BF4B-00C04F79EFBC}") = "StringBuilderSample", "ConsoleApp1\StringBuilderSample.csproj", "{D4C07FFF-BA1D-477A-88F2-3B495D990D65}"
EndProject
Global
	GlobalSection(SolutionConfigurationPlatforms) = preSolution
		Debug|Any CPU = Debug|Any CPU
		Release|Any CPU = Release|Any CPU
	EndGlobalSection
	GlobalSection(ProjectConfigurationPlatforms) = postSolution
		{6305834F-E88A-4DE0-9CD3-5062A9DF9DDB}.Debug|Any CPU.ActiveCfg = Debug|Any CPU
		{6305834F-E88A-4DE0-9CD3-5062A9DF9DDB}.Debug|Any CPU.Build.0 = Debug|Any CPU
		{6305834F-E88A-4DE0-9CD3-5062A9DF9DDB}.Release|Any CPU.ActiveCfg = Release|Any CPU
		{6305834F-E88A-4DE0-9CD3-5062A9DF9DDB}.Release|Any CPU.Build.0 = Release|Any CPU
		{A40F1613-1D66-4788-A3F6-A6B0ED72A1F5}.Debug|Any CPU.ActiveCfg = Debug|Any CPU
		{A40F1613-1D66-4788-A3F6-A6B0ED72A1F5}.Debug|Any CPU.Build.0 = Debug|Any CPU
		{A40F1613-1D66-4788-A3F6-A6B0ED72A1F5}.Release|Any CPU.ActiveCfg = Release|Any CPU
		{A40F1613-1D66-4788-A3F6-A6B0ED72A1F5}.Release|Any CPU.Build.0 = Release|Any CPU
		{BDF63820-2B99-4407-A0CA-AA74420771C9}.Debug|Any CPU.ActiveCfg = Debug|Any CPU
		{BDF63820-2B99-4407-A0CA-AA74420771C9}.Debug|Any CPU.Build.0 = Debug|Any CPU
		{BDF63820-2B99-4407-A0CA-AA74420771C9}.Release|Any CPU.ActiveCfg = Release|Any CPU
		{BDF63820-2B99-4407-A0CA-AA74420771C9}.Release|Any CPU.Build.0 = Release|Any CPU
		{113CCC94-F194-4E83-A7E6-4080A5279EA1}.Debug|Any CPU.ActiveCfg = Debug|Any CPU
		{113CCC94-F194-4E83-A7E6-4080A5279EA1}.Debug|Any CPU.Build.0 = Debug|Any CPU
		{113CCC94-F194-4E83-A7E6-4080A5279EA1}.Release|Any CPU.ActiveCfg = Release|Any CPU
		{113CCC94-F194-4E83-A7E6-4080A5279EA1}.Release|Any CPU.Build.0 = Release|Any CPU
		{D1D69E7A-C6AC-4556-BB12-368E8C332479}.Debug|Any CPU.ActiveCfg = Debug|Any CPU
		{D1D69E7A-C6AC-4556-BB12-368E8C332479}.Debug|Any CPU.Build.0 = Debug|Any CPU
		{D1D69E7A-C6AC-4556-BB12-368E8C332479}.Release|Any CPU.ActiveCfg = Release|Any CPU
		{D1D69E7A-C6AC-4556-BB12-368E8C332479}.Release|Any CPU.Build.0 = Release|Any CPU
		{BA714773-2559-4400-988E-DCB31656EB68}.Debug|Any CPU.ActiveCfg = Debug|Any CPU
		{BA714773-2559-4400-988E-DCB31656EB68}.Debug|Any CPU.Build.0 = Debug|Any CPU
		{BA714773-2559-4400-988E-DCB31656EB68}.Release|Any CPU.ActiveCfg = Release|Any CPU
		{BA714773-2559-4400-988E-DCB31656EB68}.Release|Any CPU.Build.0 = Release|Any CPU
		{71D749AB-1176-4866-871A-A17CE135D566}.Debug|Any CPU.ActiveCfg = Debug|Any CPU
		{71D749AB-1176-4866-871A-A17CE135D566}.Debug|Any CPU.Build.0 = Debug|Any CPU
		{71D749AB-1176-4866-871A-A17CE135D566}.Release|Any CPU.ActiveCfg = Release|Any CPU
		{71D749AB-1176-4866-871A-A17CE135D566}.Release|Any CPU.Build.0 = Release|Any CPU
		{0220B71C-88FB-44EC-ACC4-42C3C87750EB}.Debug|Any CPU.ActiveCfg = Debug|Any CPU
		{0220B71C-88FB-44EC-ACC4-42C3C87750EB}.Debug|Any CPU.Build.0 = Debug|Any CPU
		{0220B71C-88FB-44EC-ACC4-42C3C87750EB}.Release|Any CPU.ActiveCfg = Release|Any CPU
		{0220B71C-88FB-44EC-ACC4-42C3C87750EB}.Release|Any CPU.Build.0 = Release|Any CPU
		{EFED8D8B-99A0-4023-AF83-3B20464F0ADD}.Debug|Any CPU.ActiveCfg = Debug|Any CPU
		{EFED8D8B-99A0-4023-AF83-3B20464F0ADD}.Debug|Any CPU.Build.0 = Debug|Any CPU
		{EFED8D8B-99A0-4023-AF83-3B20464F0ADD}.Release|Any CPU.ActiveCfg = Release|Any CPU
		{EFED8D8B-99A0-4023-AF83-3B20464F0ADD}.Release|Any CPU.Build.0 = Release|Any CPU
		{0FC8B809-380D-49CB-B1D8-ED1D1B66C81E}.Debug|Any CPU.ActiveCfg = Debug|Any CPU
		{0FC8B809-380D-49CB-B1D8-ED1D1B66C81E}.Debug|Any CPU.Build.0 = Debug|Any CPU
		{0FC8B809-380D-49CB-B1D8-ED1D1B66C81E}.Release|Any CPU.ActiveCfg = Release|Any CPU
		{0FC8B809-380D-49CB-B1D8-ED1D1B66C81E}.Release|Any CPU.Build.0 = Release|Any CPU
		{12B8FE73-0AB6-452A-927E-57C5A4F45AC2}.Debug|Any CPU.ActiveCfg = Debug|Any CPU
		{12B8FE73-0AB6-452A-927E-57C5A4F45AC2}.Debug|Any CPU.Build.0 = Debug|Any CPU
		{12B8FE73-0AB6-452A-927E-57C5A4F45AC2}.Release|Any CPU.ActiveCfg = Release|Any CPU
		{12B8FE73-0AB6-452A-927E-57C5A4F45AC2}.Release|Any CPU.Build.0 = Release|Any CPU
		{7502B48A-57E4-4D55-9D5A-E6BBCC5EBF53}.Debug|Any CPU.ActiveCfg = Debug|Any CPU
		{7502B48A-57E4-4D55-9D5A-E6BBCC5EBF53}.Debug|Any CPU.Build.0 = Debug|Any CPU
		{7502B48A-57E4-4D55-9D5A-E6BBCC5EBF53}.Release|Any CPU.ActiveCfg = Release|Any CPU
		{7502B48A-57E4-4D55-9D5A-E6BBCC5EBF53}.Release|Any CPU.Build.0 = Release|Any CPU
		{BA0327E1-0171-4BEC-9497-4C77F3486625}.Debug|Any CPU.ActiveCfg = Debug|Any CPU
		{BA0327E1-0171-4BEC-9497-4C77F3486625}.Debug|Any CPU.Build.0 = Debug|Any CPU
		{BA0327E1-0171-4BEC-9497-4C77F3486625}.Release|Any CPU.ActiveCfg = Release|Any CPU
		{BA0327E1-0171-4BEC-9497-4C77F3486625}.Release|Any CPU.Build.0 = Release|Any CPU
		{F820244F-31B0-46F0-9CB3-7C0DE7A75989}.Debug|Any CPU.ActiveCfg = Debug|Any CPU
		{F820244F-31B0-46F0-9CB3-7C0DE7A75989}.Debug|Any CPU.Build.0 = Debug|Any CPU
		{F820244F-31B0-46F0-9CB3-7C0DE7A75989}.Release|Any CPU.ActiveCfg = Release|Any CPU
		{F820244F-31B0-46F0-9CB3-7C0DE7A75989}.Release|Any CPU.Build.0 = Release|Any CPU
		{833A085D-0B5B-470E-B09C-BAC196CD2497}.Debug|Any CPU.ActiveCfg = Debug|Any CPU
		{833A085D-0B5B-470E-B09C-BAC196CD2497}.Debug|Any CPU.Build.0 = Debug|Any CPU
		{833A085D-0B5B-470E-B09C-BAC196CD2497}.Release|Any CPU.ActiveCfg = Release|Any CPU
		{833A085D-0B5B-470E-B09C-BAC196CD2497}.Release|Any CPU.Build.0 = Release|Any CPU
		{CD8778AA-77B8-4FEC-A783-ADA9C7B1DFDB}.Debug|Any CPU.ActiveCfg = Debug|Any CPU
		{CD8778AA-77B8-4FEC-A783-ADA9C7B1DFDB}.Debug|Any CPU.Build.0 = Debug|Any CPU
		{CD8778AA-77B8-4FEC-A783-ADA9C7B1DFDB}.Release|Any CPU.ActiveCfg = Release|Any CPU
		{CD8778AA-77B8-4FEC-A783-ADA9C7B1DFDB}.Release|Any CPU.Build.0 = Release|Any CPU
		{448AECAA-749F-479B-9C06-86E7E0CCFC3C}.Debug|Any CPU.ActiveCfg = Debug|Any CPU
		{448AECAA-749F-479B-9C06-86E7E0CCFC3C}.Debug|Any CPU.Build.0 = Debug|Any CPU
		{448AECAA-749F-479B-9C06-86E7E0CCFC3C}.Release|Any CPU.ActiveCfg = Release|Any CPU
		{448AECAA-749F-479B-9C06-86E7E0CCFC3C}.Release|Any CPU.Build.0 = Release|Any CPU
		{15E21696-CEF8-4916-9872-4AC6234D355E}.Debug|Any CPU.ActiveCfg = Debug|Any CPU
		{15E21696-CEF8-4916-9872-4AC6234D355E}.Debug|Any CPU.Build.0 = Debug|Any CPU
		{15E21696-CEF8-4916-9872-4AC6234D355E}.Release|Any CPU.ActiveCfg = Release|Any CPU
		{15E21696-CEF8-4916-9872-4AC6234D355E}.Release|Any CPU.Build.0 = Release|Any CPU
		{2AEF7C18-C420-4A3A-B86B-4E690A8D15DA}.Debug|Any CPU.ActiveCfg = Debug|Any CPU
		{2AEF7C18-C420-4A3A-B86B-4E690A8D15DA}.Debug|Any CPU.Build.0 = Debug|Any CPU
		{2AEF7C18-C420-4A3A-B86B-4E690A8D15DA}.Release|Any CPU.ActiveCfg = Release|Any CPU
		{2AEF7C18-C420-4A3A-B86B-4E690A8D15DA}.Release|Any CPU.Build.0 = Release|Any CPU
		{E6202033-E45E-47C3-9352-C1927C78C4C2}.Debug|Any CPU.ActiveCfg = Debug|Any CPU
		{E6202033-E45E-47C3-9352-C1927C78C4C2}.Debug|Any CPU.Build.0 = Debug|Any CPU
		{E6202033-E45E-47C3-9352-C1927C78C4C2}.Release|Any CPU.ActiveCfg = Release|Any CPU
		{E6202033-E45E-47C3-9352-C1927C78C4C2}.Release|Any CPU.Build.0 = Release|Any CPU
		{D4C07FFF-BA1D-477A-88F2-3B495D990D65}.Debug|Any CPU.ActiveCfg = Debug|Any CPU
		{D4C07FFF-BA1D-477A-88F2-3B495D990D65}.Debug|Any CPU.Build.0 = Debug|Any CPU
		{D4C07FFF-BA1D-477A-88F2-3B495D990D65}.Release|Any CPU.ActiveCfg = Release|Any CPU
		{D4C07FFF-BA1D-477A-88F2-3B495D990D65}.Release|Any CPU.Build.0 = Release|Any CPU
	EndGlobalSection
	GlobalSection(SolutionProperties) = preSolution
		HideSolutionNode = FALSE
	EndGlobalSection
	GlobalSection(ExtensibilityGlobals) = postSolution
		SolutionGuid = {30CDB5EB-F023-4E14-B5FA-61F420CE618D}
	EndGlobalSection
EndGlobal
